
Microsoft Visual Studio Solution File, Format Version 12.00
# Visual Studio Version 17
VisualStudioVersion = 17.4.33122.133
MinimumVisualStudioVersion = 10.0.40219.1
Project("{FAE04EC0-301F-11D3-BF4B-00C04F79EFBC}") = "Delegate_CSharp", "Delegate_CSharp\Delegate_CSharp.csproj", "{9DF86552-7590-48B5-95D8-87F24D4C0613}"
EndProject
Global
	GlobalSection(SolutionConfigurationPlatforms) = preSolution
		Debug|Any CPU = Debug|Any CPU
		Release|Any CPU = Release|Any CPU
	EndGlobalSection
	GlobalSection(ProjectConfigurationPlatforms) = postSolution
		{9DF86552-7590-48B5-95D8-87F24D4C0613}.Debug|Any CPU.ActiveCfg = Debug|Any CPU
		{9DF86552-7590-48B5-95D8-87F24D4C0613}.Debug|Any CPU.Build.0 = Debug|Any CPU
		{9DF86552-7590-48B5-95D8-87F24D4C0613}.Release|Any CPU.ActiveCfg = Release|Any CPU
		{9DF86552-7590-48B5-95D8-87F24D4C0613}.Release|Any CPU.Build.0 = Release|Any CPU
	EndGlobalSection
	GlobalSection(SolutionProperties) = preSolution
		HideSolutionNode = FALSE
	EndGlobalSection
	GlobalSection(ExtensibilityGlobals) = postSolution
		SolutionGuid = {C890C03A-E675-4918-A42A-3B93DF9A3408}
	EndGlobalSection
EndGlobal
